{
  "name": "gatito-pet-shop",
  "lockfileVersion": 2,
  "requires": true,
  "packages": {
    "": {
      "dependencies": {
        "flx-grid": "^1.6.2"
      }
    },
    "node_modules/flx-grid": {
      "version": "1.6.2",
      "resolved": "https://registry.npmjs.org/flx-grid/-/flx-grid-1.6.2.tgz",
      "integrity": "sha512-aVJF1SHqEGX92Z/DSnjh5sb1uPSFP1kwxgRs7v3HDKbfymxTpTtj3BUcE8NpfDAHHUVB+whhFDxHuVL1POjzeQ=="
    }
  },
  "dependencies": {
    "flx-grid": {
      "version": "1.6.2",
      "resolved": "https://registry.npmjs.org/flx-grid/-/flx-grid-1.6.2.tgz",
      "integrity": "sha512-aVJF1SHqEGX92Z/DSnjh5sb1uPSFP1kwxgRs7v3HDKbfymxTpTtj3BUcE8NpfDAHHUVB+whhFDxHuVL1POjzeQ=="
    }
  }
}
